
Microsoft Visual Studio Solution File, Format Version 12.00
# Visual Studio Version 17
VisualStudioVersion = 17.0.31903.59
MinimumVisualStudioVersion = 10.0.40219.1
Project("{2150E333-8FDC-42A3-9474-1A3956D46DE8}") = "DataAccess", "DataAccess", "{3B2F080B-A21E-720E-495A-642C74935B15}"
EndProject
Project("{FAE04EC0-301F-11D3-BF4B-00C04F79EFBC}") = "BillFlow.Database", "DataAccess\BillFlow.Database\BillFlow.Database.csproj", "{3D56C387-D712-44AE-B4B4-8FF5A5A03625}"
EndProject
Project("{FAE04EC0-301F-11D3-BF4B-00C04F79EFBC}") = "BillFlow.Mapper", "DataAccess\BillFlow.Mapper\BillFlow.Mapper.csproj", "{9ACD4710-CFF0-46FA-813D-48911EB48029}"
EndProject
Project("{FAE04EC0-301F-11D3-BF4B-00C04F79EFBC}") = "BillFlow.Models", "DataAccess\BillFlow.Models\BillFlow.Models.csproj", "{73EBB8B9-BA47-4C07-AD3A-79C5E8742B16}"
EndProject
Project("{FAE04EC0-301F-11D3-BF4B-00C04F79EFBC}") = "BillFlow.Repositories", "DataAccess\BillFlow.Repositories\BillFlow.Repositories.csproj", "{0E4EE73F-6B68-46E0-88F9-3B3D162834A4}"
EndProject
Project("{FAE04EC0-301F-11D3-BF4B-00C04F79EFBC}") = "BillFlow.Shared", "DataAccess\BillFlow.Shared\BillFlow.Shared.csproj", "{A7E503E4-F60F-41DC-8ACC-3F2C78C32FF0}"
EndProject
Project("{2150E333-8FDC-42A3-9474-1A3956D46DE8}") = "Services", "Services", "{5854FF58-B8C5-05C6-5BF2-ACE42193F22B}"
EndProject
Project("{FAE04EC0-301F-11D3-BF4B-00C04F79EFBC}") = "BillFlow.AuthService", "Services\BillFlow.AuthService\BillFlow.AuthService.csproj", "{B32D0038-CF1B-4813-9D84-EE293EEC27EE}"
EndProject
Project("{FAE04EC0-301F-11D3-BF4B-00C04F79EFBC}") = "BillFlow.BackgroundJobs", "Services\BillFlow.BackgroundJobs\BillFlow.BackgroundJobs.csproj", "{110BEFE2-0A3A-4472-B257-3E002F46CAAC}"
EndProject
Project("{FAE04EC0-301F-11D3-BF4B-00C04F79EFBC}") = "BillFlow.ManagementService", "Services\BillFlow.ManagementService\BillFlow.ManagementService.csproj", "{A226CBDB-CBD8-4526-B9F5-743742143696}"
EndProject
Project("{2150E333-8FDC-42A3-9474-1A3956D46DE8}") = "Tests", "Tests", "{0AB3BF05-4346-4AA6-1389-037BE0695223}"
EndProject
Project("{FAE04EC0-301F-11D3-BF4B-00C04F79EFBC}") = "BillFlow.AuthService.Tests", "Tests\BillFlow.AuthService.Tests\BillFlow.AuthService.Tests.csproj", "{83A3D556-113E-4EED-86F5-ADC9D42CB5A8}"
EndProject
Project("{FAE04EC0-301F-11D3-BF4B-00C04F79EFBC}") = "BillFlow.ManagementService.Tests", "Tests\BillFlow.ManagementService.Tests\BillFlow.ManagementService.Tests.csproj", "{B46D996D-24F3-43CD-8914-3296B3A6167B}"
EndProject
Global
	GlobalSection(SolutionConfigurationPlatforms) = preSolution
		Debug|Any CPU = Debug|Any CPU
		Debug|x64 = Debug|x64
		Debug|x86 = Debug|x86
		Release|Any CPU = Release|Any CPU
		Release|x64 = Release|x64
		Release|x86 = Release|x86
	EndGlobalSection
	GlobalSection(ProjectConfigurationPlatforms) = postSolution
		{3D56C387-D712-44AE-B4B4-8FF5A5A03625}.Debug|Any CPU.ActiveCfg = Debug|Any CPU
		{3D56C387-D712-44AE-B4B4-8FF5A5A03625}.Debug|Any CPU.Build.0 = Debug|Any CPU
		{3D56C387-D712-44AE-B4B4-8FF5A5A03625}.Debug|x64.ActiveCfg = Debug|Any CPU
		{3D56C387-D712-44AE-B4B4-8FF5A5A03625}.Debug|x64.Build.0 = Debug|Any CPU
		{3D56C387-D712-44AE-B4B4-8FF5A5A03625}.Debug|x86.ActiveCfg = Debug|Any CPU
		{3D56C387-D712-44AE-B4B4-8FF5A5A03625}.Debug|x86.Build.0 = Debug|Any CPU
		{3D56C387-D712-44AE-B4B4-8FF5A5A03625}.Release|Any CPU.ActiveCfg = Release|Any CPU
		{3D56C387-D712-44AE-B4B4-8FF5A5A03625}.Release|Any CPU.Build.0 = Release|Any CPU
		{3D56C387-D712-44AE-B4B4-8FF5A5A03625}.Release|x64.ActiveCfg = Release|Any CPU
		{3D56C387-D712-44AE-B4B4-8FF5A5A03625}.Release|x64.Build.0 = Release|Any CPU
		{3D56C387-D712-44AE-B4B4-8FF5A5A03625}.Release|x86.ActiveCfg = Release|Any CPU
		{3D56C387-D712-44AE-B4B4-8FF5A5A03625}.Release|x86.Build.0 = Release|Any CPU
		{9ACD4710-CFF0-46FA-813D-48911EB48029}.Debug|Any CPU.ActiveCfg = Debug|Any CPU
		{9ACD4710-CFF0-46FA-813D-48911EB48029}.Debug|Any CPU.Build.0 = Debug|Any CPU
		{9ACD4710-CFF0-46FA-813D-48911EB48029}.Debug|x64.ActiveCfg = Debug|Any CPU
		{9ACD4710-CFF0-46FA-813D-48911EB48029}.Debug|x64.Build.0 = Debug|Any CPU
		{9ACD4710-CFF0-46FA-813D-48911EB48029}.Debug|x86.ActiveCfg = Debug|Any CPU
		{9ACD4710-CFF0-46FA-813D-48911EB48029}.Debug|x86.Build.0 = Debug|Any CPU
		{9ACD4710-CFF0-46FA-813D-48911EB48029}.Release|Any CPU.ActiveCfg = Release|Any CPU
		{9ACD4710-CFF0-46FA-813D-48911EB48029}.Release|Any CPU.Build.0 = Release|Any CPU
		{9ACD4710-CFF0-46FA-813D-48911EB48029}.Release|x64.ActiveCfg = Release|Any CPU
		{9ACD4710-CFF0-46FA-813D-48911EB48029}.Release|x64.Build.0 = Release|Any CPU
		{9ACD4710-CFF0-46FA-813D-48911EB48029}.Release|x86.ActiveCfg = Release|Any CPU
		{9ACD4710-CFF0-46FA-813D-48911EB48029}.Release|x86.Build.0 = Release|Any CPU
		{73EBB8B9-BA47-4C07-AD3A-79C5E8742B16}.Debug|Any CPU.ActiveCfg = Debug|Any CPU
		{73EBB8B9-BA47-4C07-AD3A-79C5E8742B16}.Debug|Any CPU.Build.0 = Debug|Any CPU
		{73EBB8B9-BA47-4C07-AD3A-79C5E8742B16}.Debug|x64.ActiveCfg = Debug|Any CPU
		{73EBB8B9-BA47-4C07-AD3A-79C5E8742B16}.Debug|x64.Build.0 = Debug|Any CPU
		{73EBB8B9-BA47-4C07-AD3A-79C5E8742B16}.Debug|x86.ActiveCfg = Debug|Any CPU
		{73EBB8B9-BA47-4C07-AD3A-79C5E8742B16}.Debug|x86.Build.0 = Debug|Any CPU
		{73EBB8B9-BA47-4C07-AD3A-79C5E8742B16}.Release|Any CPU.ActiveCfg = Release|Any CPU
		{73EBB8B9-BA47-4C07-AD3A-79C5E8742B16}.Release|Any CPU.Build.0 = Release|Any CPU
		{73EBB8B9-BA47-4C07-AD3A-79C5E8742B16}.Release|x64.ActiveCfg = Release|Any CPU
		{73EBB8B9-BA47-4C07-AD3A-79C5E8742B16}.Release|x64.Build.0 = Release|Any CPU
		{73EBB8B9-BA47-4C07-AD3A-79C5E8742B16}.Release|x86.ActiveCfg = Release|Any CPU
		{73EBB8B9-BA47-4C07-AD3A-79C5E8742B16}.Release|x86.Build.0 = Release|Any CPU
		{0E4EE73F-6B68-46E0-88F9-3B3D162834A4}.Debug|Any CPU.ActiveCfg = Debug|Any CPU
		{0E4EE73F-6B68-46E0-88F9-3B3D162834A4}.Debug|Any CPU.Build.0 = Debug|Any CPU
		{0E4EE73F-6B68-46E0-88F9-3B3D162834A4}.Debug|x64.ActiveCfg = Debug|Any CPU
		{0E4EE73F-6B68-46E0-88F9-3B3D162834A4}.Debug|x64.Build.0 = Debug|Any CPU
		{0E4EE73F-6B68-46E0-88F9-3B3D162834A4}.Debug|x86.ActiveCfg = Debug|Any CPU
		{0E4EE73F-6B68-46E0-88F9-3B3D162834A4}.Debug|x86.Build.0 = Debug|Any CPU
		{0E4EE73F-6B68-46E0-88F9-3B3D162834A4}.Release|Any CPU.ActiveCfg = Release|Any CPU
		{0E4EE73F-6B68-46E0-88F9-3B3D162834A4}.Release|Any CPU.Build.0 = Release|Any CPU
		{0E4EE73F-6B68-46E0-88F9-3B3D162834A4}.Release|x64.ActiveCfg = Release|Any CPU
		{0E4EE73F-6B68-46E0-88F9-3B3D162834A4}.Release|x64.Build.0 = Release|Any CPU
		{0E4EE73F-6B68-46E0-88F9-3B3D162834A4}.Release|x86.ActiveCfg = Release|Any CPU
		{0E4EE73F-6B68-46E0-88F9-3B3D162834A4}.Release|x86.Build.0 = Release|Any CPU
		{A7E503E4-F60F-41DC-8ACC-3F2C78C32FF0}.Debug|Any CPU.ActiveCfg = Debug|Any CPU
		{A7E503E4-F60F-41DC-8ACC-3F2C78C32FF0}.Debug|Any CPU.Build.0 = Debug|Any CPU
		{A7E503E4-F60F-41DC-8ACC-3F2C78C32FF0}.Debug|x64.ActiveCfg = Debug|Any CPU
		{A7E503E4-F60F-41DC-8ACC-3F2C78C32FF0}.Debug|x64.Build.0 = Debug|Any CPU
		{A7E503E4-F60F-41DC-8ACC-3F2C78C32FF0}.Debug|x86.ActiveCfg = Debug|Any CPU
		{A7E503E4-F60F-41DC-8ACC-3F2C78C32FF0}.Debug|x86.Build.0 = Debug|Any CPU
		{A7E503E4-F60F-41DC-8ACC-3F2C78C32FF0}.Release|Any CPU.ActiveCfg = Release|Any CPU
		{A7E503E4-F60F-41DC-8ACC-3F2C78C32FF0}.Release|Any CPU.Build.0 = Release|Any CPU
		{A7E503E4-F60F-41DC-8ACC-3F2C78C32FF0}.Release|x64.ActiveCfg = Release|Any CPU
		{A7E503E4-F60F-41DC-8ACC-3F2C78C32FF0}.Release|x64.Build.0 = Release|Any CPU
		{A7E503E4-F60F-41DC-8ACC-3F2C78C32FF0}.Release|x86.ActiveCfg = Release|Any CPU
		{A7E503E4-F60F-41DC-8ACC-3F2C78C32FF0}.Release|x86.Build.0 = Release|Any CPU
		{B32D0038-CF1B-4813-9D84-EE293EEC27EE}.Debug|Any CPU.ActiveCfg = Debug|Any CPU
		{B32D0038-CF1B-4813-9D84-EE293EEC27EE}.Debug|Any CPU.Build.0 = Debug|Any CPU
		{B32D0038-CF1B-4813-9D84-EE293EEC27EE}.Debug|x64.ActiveCfg = Debug|Any CPU
		{B32D0038-CF1B-4813-9D84-EE293EEC27EE}.Debug|x64.Build.0 = Debug|Any CPU
		{B32D0038-CF1B-4813-9D84-EE293EEC27EE}.Debug|x86.ActiveCfg = Debug|Any CPU
		{B32D0038-CF1B-4813-9D84-EE293EEC27EE}.Debug|x86.Build.0 = Debug|Any CPU
		{B32D0038-CF1B-4813-9D84-EE293EEC27EE}.Release|Any CPU.ActiveCfg = Release|Any CPU
		{B32D0038-CF1B-4813-9D84-EE293EEC27EE}.Release|Any CPU.Build.0 = Release|Any CPU
		{B32D0038-CF1B-4813-9D84-EE293EEC27EE}.Release|x64.ActiveCfg = Release|Any CPU
		{B32D0038-CF1B-4813-9D84-EE293EEC27EE}.Release|x64.Build.0 = Release|Any CPU
		{B32D0038-CF1B-4813-9D84-EE293EEC27EE}.Release|x86.ActiveCfg = Release|Any CPU
		{B32D0038-CF1B-4813-9D84-EE293EEC27EE}.Release|x86.Build.0 = Release|Any CPU
		{110BEFE2-0A3A-4472-B257-3E002F46CAAC}.Debug|Any CPU.ActiveCfg = Debug|Any CPU
		{110BEFE2-0A3A-4472-B257-3E002F46CAAC}.Debug|Any CPU.Build.0 = Debug|Any CPU
		{110BEFE2-0A3A-4472-B257-3E002F46CAAC}.Debug|x64.ActiveCfg = Debug|Any CPU
		{110BEFE2-0A3A-4472-B257-3E002F46CAAC}.Debug|x64.Build.0 = Debug|Any CPU
		{110BEFE2-0A3A-4472-B257-3E002F46CAAC}.Debug|x86.ActiveCfg = Debug|Any CPU
		{110BEFE2-0A3A-4472-B257-3E002F46CAAC}.Debug|x86.Build.0 = Debug|Any CPU
		{110BEFE2-0A3A-4472-B257-3E002F46CAAC}.Release|Any CPU.ActiveCfg = Release|Any CPU
		{110BEFE2-0A3A-4472-B257-3E002F46CAAC}.Release|Any CPU.Build.0 = Release|Any CPU
		{110BEFE2-0A3A-4472-B257-3E002F46CAAC}.Release|x64.ActiveCfg = Release|Any CPU
		{110BEFE2-0A3A-4472-B257-3E002F46CAAC}.Release|x64.Build.0 = Release|Any CPU
		{110BEFE2-0A3A-4472-B257-3E002F46CAAC}.Release|x86.ActiveCfg = Release|Any CPU
		{110BEFE2-0A3A-4472-B257-3E002F46CAAC}.Release|x86.Build.0 = Release|Any CPU
		{A226CBDB-CBD8-4526-B9F5-743742143696}.Debug|Any CPU.ActiveCfg = Debug|Any CPU
		{A226CBDB-CBD8-4526-B9F5-743742143696}.Debug|Any CPU.Build.0 = Debug|Any CPU
		{A226CBDB-CBD8-4526-B9F5-743742143696}.Debug|x64.ActiveCfg = Debug|Any CPU
		{A226CBDB-CBD8-4526-B9F5-743742143696}.Debug|x64.Build.0 = Debug|Any CPU
		{A226CBDB-CBD8-4526-B9F5-743742143696}.Debug|x86.ActiveCfg = Debug|Any CPU
		{A226CBDB-CBD8-4526-B9F5-743742143696}.Debug|x86.Build.0 = Debug|Any CPU
		{A226CBDB-CBD8-4526-B9F5-743742143696}.Release|Any CPU.ActiveCfg = Release|Any CPU
		{A226CBDB-CBD8-4526-B9F5-743742143696}.Release|Any CPU.Build.0 = Release|Any CPU
		{A226CBDB-CBD8-4526-B9F5-743742143696}.Release|x64.ActiveCfg = Release|Any CPU
		{A226CBDB-CBD8-4526-B9F5-743742143696}.Release|x64.Build.0 = Release|Any CPU
		{A226CBDB-CBD8-4526-B9F5-743742143696}.Release|x86.ActiveCfg = Release|Any CPU
		{A226CBDB-CBD8-4526-B9F5-743742143696}.Release|x86.Build.0 = Release|Any CPU
		{83A3D556-113E-4EED-86F5-ADC9D42CB5A8}.Debug|Any CPU.ActiveCfg = Debug|Any CPU
		{83A3D556-113E-4EED-86F5-ADC9D42CB5A8}.Debug|Any CPU.Build.0 = Debug|Any CPU
		{83A3D556-113E-4EED-86F5-ADC9D42CB5A8}.Debug|x64.ActiveCfg = Debug|Any CPU
		{83A3D556-113E-4EED-86F5-ADC9D42CB5A8}.Debug|x64.Build.0 = Debug|Any CPU
		{83A3D556-113E-4EED-86F5-ADC9D42CB5A8}.Debug|x86.ActiveCfg = Debug|Any CPU
		{83A3D556-113E-4EED-86F5-ADC9D42CB5A8}.Debug|x86.Build.0 = Debug|Any CPU
		{83A3D556-113E-4EED-86F5-ADC9D42CB5A8}.Release|Any CPU.ActiveCfg = Release|Any CPU
		{83A3D556-113E-4EED-86F5-ADC9D42CB5A8}.Release|Any CPU.Build.0 = Release|Any CPU
		{83A3D556-113E-4EED-86F5-ADC9D42CB5A8}.Release|x64.ActiveCfg = Release|Any CPU
		{83A3D556-113E-4EED-86F5-ADC9D42CB5A8}.Release|x64.Build.0 = Release|Any CPU
		{83A3D556-113E-4EED-86F5-ADC9D42CB5A8}.Release|x86.ActiveCfg = Release|Any CPU
		{83A3D556-113E-4EED-86F5-ADC9D42CB5A8}.Release|x86.Build.0 = Release|Any CPU
		{B46D996D-24F3-43CD-8914-3296B3A6167B}.Debug|Any CPU.ActiveCfg = Debug|Any CPU
		{B46D996D-24F3-43CD-8914-3296B3A6167B}.Debug|Any CPU.Build.0 = Debug|Any CPU
		{B46D996D-24F3-43CD-8914-3296B3A6167B}.Debug|x64.ActiveCfg = Debug|Any CPU
		{B46D996D-24F3-43CD-8914-3296B3A6167B}.Debug|x64.Build.0 = Debug|Any CPU
		{B46D996D-24F3-43CD-8914-3296B3A6167B}.Debug|x86.ActiveCfg = Debug|Any CPU
		{B46D996D-24F3-43CD-8914-3296B3A6167B}.Debug|x86.Build.0 = Debug|Any CPU
		{B46D996D-24F3-43CD-8914-3296B3A6167B}.Release|Any CPU.ActiveCfg = Release|Any CPU
		{B46D996D-24F3-43CD-8914-3296B3A6167B}.Release|Any CPU.Build.0 = Release|Any CPU
		{B46D996D-24F3-43CD-8914-3296B3A6167B}.Release|x64.ActiveCfg = Release|Any CPU
		{B46D996D-24F3-43CD-8914-3296B3A6167B}.Release|x64.Build.0 = Release|Any CPU
		{B46D996D-24F3-43CD-8914-3296B3A6167B}.Release|x86.ActiveCfg = Release|Any CPU
		{B46D996D-24F3-43CD-8914-3296B3A6167B}.Release|x86.Build.0 = Release|Any CPU
	EndGlobalSection
	GlobalSection(SolutionProperties) = preSolution
		HideSolutionNode = FALSE
	EndGlobalSection
	GlobalSection(NestedProjects) = preSolution
		{3D56C387-D712-44AE-B4B4-8FF5A5A03625} = {3B2F080B-A21E-720E-495A-642C74935B15}
		{9ACD4710-CFF0-46FA-813D-48911EB48029} = {3B2F080B-A21E-720E-495A-642C74935B15}
		{73EBB8B9-BA47-4C07-AD3A-79C5E8742B16} = {3B2F080B-A21E-720E-495A-642C74935B15}
		{0E4EE73F-6B68-46E0-88F9-3B3D162834A4} = {3B2F080B-A21E-720E-495A-642C74935B15}
		{A7E503E4-F60F-41DC-8ACC-3F2C78C32FF0} = {3B2F080B-A21E-720E-495A-642C74935B15}
		{B32D0038-CF1B-4813-9D84-EE293EEC27EE} = {5854FF58-B8C5-05C6-5BF2-ACE42193F22B}
		{110BEFE2-0A3A-4472-B257-3E002F46CAAC} = {5854FF58-B8C5-05C6-5BF2-ACE42193F22B}
		{A226CBDB-CBD8-4526-B9F5-743742143696} = {5854FF58-B8C5-05C6-5BF2-ACE42193F22B}
		{83A3D556-113E-4EED-86F5-ADC9D42CB5A8} = {0AB3BF05-4346-4AA6-1389-037BE0695223}
		{B46D996D-24F3-43CD-8914-3296B3A6167B} = {0AB3BF05-4346-4AA6-1389-037BE0695223}
	EndGlobalSection
EndGlobal
